
Microsoft Visual Studio Solution File, Format Version 12.00
# Visual Studio Version 16
VisualStudioVersion = 16.0.30523.141
MinimumVisualStudioVersion = 10.0.40219.1
Project("{FAE04EC0-301F-11D3-BF4B-00C04F79EFBC}") = "USPSAddressVerification", "USPSAddressVerfication\USPSAddressVerification.csproj", "{3781CBB8-1ED8-43B0-8EFA-15E555CAC903}"
EndProject
Project("{FAE04EC0-301F-11D3-BF4B-00C04F79EFBC}") = "USPSAddressVerification.Data", "USPSAddressVerfication.Data\USPSAddressVerification.Data.csproj", "{996F2CAB-01FB-4ED2-A481-BDA69A82806A}"
EndProject
Project("{FAE04EC0-301F-11D3-BF4B-00C04F79EFBC}") = "USPSAddressVerification.Service", "USPSAddressVerfication.Service\USPSAddressVerification.Service.csproj", "{DCC9E571-7C6A-4EF6-8D3D-7C45D197E004}"
EndProject
Project("{FAE04EC0-301F-11D3-BF4B-00C04F79EFBC}") = "USPSAddressVerification.Models", "USPSAddressVerfication.Models\USPSAddressVerification.Models.csproj", "{25B5B2DB-A7AC-43CE-8081-55D2C4797A64}"
EndProject
Global
	GlobalSection(SolutionConfigurationPlatforms) = preSolution
		Debug|Any CPU = Debug|Any CPU
		Release|Any CPU = Release|Any CPU
	EndGlobalSection
	GlobalSection(ProjectConfigurationPlatforms) = postSolution
		{3781CBB8-1ED8-43B0-8EFA-15E555CAC903}.Debug|Any CPU.ActiveCfg = Debug|Any CPU
		{3781CBB8-1ED8-43B0-8EFA-15E555CAC903}.Debug|Any CPU.Build.0 = Debug|Any CPU
		{3781CBB8-1ED8-43B0-8EFA-15E555CAC903}.Release|Any CPU.ActiveCfg = Release|Any CPU
		{3781CBB8-1ED8-43B0-8EFA-15E555CAC903}.Release|Any CPU.Build.0 = Release|Any CPU
		{996F2CAB-01FB-4ED2-A481-BDA69A82806A}.Debug|Any CPU.ActiveCfg = Debug|Any CPU
		{996F2CAB-01FB-4ED2-A481-BDA69A82806A}.Debug|Any CPU.Build.0 = Debug|Any CPU
		{996F2CAB-01FB-4ED2-A481-BDA69A82806A}.Release|Any CPU.ActiveCfg = Release|Any CPU
		{996F2CAB-01FB-4ED2-A481-BDA69A82806A}.Release|Any CPU.Build.0 = Release|Any CPU
		{DCC9E571-7C6A-4EF6-8D3D-7C45D197E004}.Debug|Any CPU.ActiveCfg = Debug|Any CPU
		{DCC9E571-7C6A-4EF6-8D3D-7C45D197E004}.Debug|Any CPU.Build.0 = Debug|Any CPU
		{DCC9E571-7C6A-4EF6-8D3D-7C45D197E004}.Release|Any CPU.ActiveCfg = Release|Any CPU
		{DCC9E571-7C6A-4EF6-8D3D-7C45D197E004}.Release|Any CPU.Build.0 = Release|Any CPU
		{25B5B2DB-A7AC-43CE-8081-55D2C4797A64}.Debug|Any CPU.ActiveCfg = Debug|Any CPU
		{25B5B2DB-A7AC-43CE-8081-55D2C4797A64}.Debug|Any CPU.Build.0 = Debug|Any CPU
		{25B5B2DB-A7AC-43CE-8081-55D2C4797A64}.Release|Any CPU.ActiveCfg = Release|Any CPU
		{25B5B2DB-A7AC-43CE-8081-55D2C4797A64}.Release|Any CPU.Build.0 = Release|Any CPU
	EndGlobalSection
	GlobalSection(SolutionProperties) = preSolution
		HideSolutionNode = FALSE
	EndGlobalSection
	GlobalSection(ExtensibilityGlobals) = postSolution
		SolutionGuid = {9F328A4C-A898-4779-AB7F-E348965EC490}
	EndGlobalSection
EndGlobal
